
Microsoft Visual Studio Solution File, Format Version 12.00
# Visual Studio 15
Project("{FAE04EC0-301F-11D3-BF4B-00C04F79EFBC}") = "Assembly-CSharp", "Assembly-CSharp.csproj", "{13228F00-0315-1E63-1BC1-364A62951B2A}"
EndProject
Project("{FAE04EC0-301F-11D3-BF4B-00C04F79EFBC}") = "Unity.XR.Interaction.Toolkit.Samples.StarterAssets", "Unity.XR.Interaction.Toolkit.Samples.StarterAssets.csproj", "{0EF480CB-A33C-9286-285E-A76542706FE5}"
EndProject
Project("{FAE04EC0-301F-11D3-BF4B-00C04F79EFBC}") = "Assembly-CSharp-firstpass", "Assembly-CSharp-firstpass.csproj", "{D63A0BAE-4C6F-3961-0E15-D6C994FC60E5}"
EndProject
Project("{FAE04EC0-301F-11D3-BF4B-00C04F79EFBC}") = "Assembly-CSharp-Editor", "Assembly-CSharp-Editor.csproj", "{6DFCDD9C-5DBA-D7AD-2CF3-56DD521F20A5}"
EndProject
Global
	GlobalSection(SolutionConfigurationPlatforms) = preSolution
		Debug|Any CPU = Debug|Any CPU
		Release|Any CPU = Release|Any CPU
	EndGlobalSection
	GlobalSection(ProjectConfigurationPlatforms) = postSolution
		{13228F00-0315-1E63-1BC1-364A62951B2A}.Debug|Any CPU.ActiveCfg = Debug|Any CPU
		{13228F00-0315-1E63-1BC1-364A62951B2A}.Debug|Any CPU.Build.0 = Debug|Any CPU
		{13228F00-0315-1E63-1BC1-364A62951B2A}.Release|Any CPU.ActiveCfg = Release|Any CPU
		{13228F00-0315-1E63-1BC1-364A62951B2A}.Release|Any CPU.Build.0 = Release|Any CPU
		{0EF480CB-A33C-9286-285E-A76542706FE5}.Debug|Any CPU.ActiveCfg = Debug|Any CPU
		{0EF480CB-A33C-9286-285E-A76542706FE5}.Debug|Any CPU.Build.0 = Debug|Any CPU
		{0EF480CB-A33C-9286-285E-A76542706FE5}.Release|Any CPU.ActiveCfg = Release|Any CPU
		{0EF480CB-A33C-9286-285E-A76542706FE5}.Release|Any CPU.Build.0 = Release|Any CPU
		{D63A0BAE-4C6F-3961-0E15-D6C994FC60E5}.Debug|Any CPU.ActiveCfg = Debug|Any CPU
		{D63A0BAE-4C6F-3961-0E15-D6C994FC60E5}.Debug|Any CPU.Build.0 = Debug|Any CPU
		{D63A0BAE-4C6F-3961-0E15-D6C994FC60E5}.Release|Any CPU.ActiveCfg = Release|Any CPU
		{D63A0BAE-4C6F-3961-0E15-D6C994FC60E5}.Release|Any CPU.Build.0 = Release|Any CPU
		{6DFCDD9C-5DBA-D7AD-2CF3-56DD521F20A5}.Debug|Any CPU.ActiveCfg = Debug|Any CPU
		{6DFCDD9C-5DBA-D7AD-2CF3-56DD521F20A5}.Debug|Any CPU.Build.0 = Debug|Any CPU
		{6DFCDD9C-5DBA-D7AD-2CF3-56DD521F20A5}.Release|Any CPU.ActiveCfg = Release|Any CPU
		{6DFCDD9C-5DBA-D7AD-2CF3-56DD521F20A5}.Release|Any CPU.Build.0 = Release|Any CPU
	EndGlobalSection
	GlobalSection(SolutionProperties) = preSolution
		HideSolutionNode = FALSE
	EndGlobalSection
EndGlobal
